
Microsoft Visual Studio Solution File, Format Version 12.00
# Visual Studio Version 16
VisualStudioVersion = 16.0.29306.81
MinimumVisualStudioVersion = 10.0.40219.1
Project("{8BC9CEB8-8B4A-11D0-8D11-00A0C91BC942}") = "SCVerifier", "SCVerifier\SCVerifier.vcxproj", "{04B27E48-8DAA-4557-9FE5-A950BC4199F5}"
EndProject
Global
	GlobalSection(SolutionConfigurationPlatforms) = preSolution
		Debug|x64 = Debug|x64
		Debug|x86 = Debug|x86
		Release|x64 = Release|x64
		Release|x86 = Release|x86
	EndGlobalSection
	GlobalSection(ProjectConfigurationPlatforms) = postSolution
		{04B27E48-8DAA-4557-9FE5-A950BC4199F5}.Debug|x64.ActiveCfg = Debug|x64
		{04B27E48-8DAA-4557-9FE5-A950BC4199F5}.Debug|x64.Build.0 = Debug|x64
		{04B27E48-8DAA-4557-9FE5-A950BC4199F5}.Debug|x86.ActiveCfg = Debug|Win32
		{04B27E48-8DAA-4557-9FE5-A950BC4199F5}.Debug|x86.Build.0 = Debug|Win32
		{04B27E48-8DAA-4557-9FE5-A950BC4199F5}.Release|x64.ActiveCfg = Release|x64
		{04B27E48-8DAA-4557-9FE5-A950BC4199F5}.Release|x64.Build.0 = Release|x64
		{04B27E48-8DAA-4557-9FE5-A950BC4199F5}.Release|x86.ActiveCfg = Release|Win32
		{04B27E48-8DAA-4557-9FE5-A950BC4199F5}.Release|x86.Build.0 = Release|Win32
	EndGlobalSection
	GlobalSection(SolutionProperties) = preSolution
		HideSolutionNode = FALSE
	EndGlobalSection
	GlobalSection(ExtensibilityGlobals) = postSolution
		SolutionGuid = {CF8E08EC-51CA-45CF-A95C-1D62F2450B1C}
	EndGlobalSection
EndGlobal
